
Microsoft Visual Studio Solution File, Format Version 12.00
# Visual Studio Version 16
VisualStudioVersion = 16.0.33927.289
MinimumVisualStudioVersion = 10.0.40219.1
Project("{FAE04EC0-301F-11D3-BF4B-00C04F79EFBC}") = "AnyWhere", "AnyWhere\AnyWhere.csproj", "{ED39F244-F146-4263-97E2-279449990211}"
EndProject
Global
	GlobalSection(SolutionConfigurationPlatforms) = preSolution
		Debug|Any CPU = Debug|Any CPU
		Debug|x64 = Debug|x64
		Release|Any CPU = Release|Any CPU
		Release|x64 = Release|x64
	EndGlobalSection
	GlobalSection(ProjectConfigurationPlatforms) = postSolution
		{ED39F244-F146-4263-97E2-279449990211}.Debug|Any CPU.ActiveCfg = Debug|Any CPU
		{ED39F244-F146-4263-97E2-279449990211}.Debug|Any CPU.Build.0 = Debug|Any CPU
		{ED39F244-F146-4263-97E2-279449990211}.Debug|x64.ActiveCfg = Debug|x64
		{ED39F244-F146-4263-97E2-279449990211}.Debug|x64.Build.0 = Debug|x64
		{ED39F244-F146-4263-97E2-279449990211}.Release|Any CPU.ActiveCfg = Release|Any CPU
		{ED39F244-F146-4263-97E2-279449990211}.Release|Any CPU.Build.0 = Release|Any CPU
		{ED39F244-F146-4263-97E2-279449990211}.Release|x64.ActiveCfg = Release|x64
		{ED39F244-F146-4263-97E2-279449990211}.Release|x64.Build.0 = Release|x64
	EndGlobalSection
	GlobalSection(SolutionProperties) = preSolution
		HideSolutionNode = FALSE
	EndGlobalSection
	GlobalSection(ExtensibilityGlobals) = postSolution
		SolutionGuid = {D346D434-F302-41FC-9614-E1834F30C7E0}
	EndGlobalSection
EndGlobal
